
Microsoft Visual Studio Solution File, Format Version 12.00
# Visual Studio Version 17
VisualStudioVersion = 17.5.002.0
MinimumVisualStudioVersion = 10.0.40219.1
Project("{9A19103F-16F7-4668-BE54-9A1E7A4F7556}") = "Day08", "Day08.csproj", "{7EDC978C-7BE8-4F82-A59E-6B346BCE112B}"
EndProject
Global
	GlobalSection(SolutionConfigurationPlatforms) = preSolution
		Debug|Any CPU = Debug|Any CPU
		Release|Any CPU = Release|Any CPU
	EndGlobalSection
	GlobalSection(ProjectConfigurationPlatforms) = postSolution
		{7EDC978C-7BE8-4F82-A59E-6B346BCE112B}.Debug|Any CPU.ActiveCfg = Debug|Any CPU
		{7EDC978C-7BE8-4F82-A59E-6B346BCE112B}.Debug|Any CPU.Build.0 = Debug|Any CPU
		{7EDC978C-7BE8-4F82-A59E-6B346BCE112B}.Release|Any CPU.ActiveCfg = Release|Any CPU
		{7EDC978C-7BE8-4F82-A59E-6B346BCE112B}.Release|Any CPU.Build.0 = Release|Any CPU
	EndGlobalSection
	GlobalSection(SolutionProperties) = preSolution
		HideSolutionNode = FALSE
	EndGlobalSection
	GlobalSection(ExtensibilityGlobals) = postSolution
		SolutionGuid = {F8B68CF9-23BB-4DA9-923B-5F467DBDD7DD}
	EndGlobalSection
EndGlobal
