
Microsoft Visual Studio Solution File, Format Version 12.00
# Visual Studio Version 17
VisualStudioVersion = 17.5.002.0
MinimumVisualStudioVersion = 10.0.40219.1
Project("{9A19103F-16F7-4668-BE54-9A1E7A4F7556}") = "Day21", "Day21.csproj", "{EFF9C024-D9BA-4BA6-B404-AB4D4435D8D8}"
EndProject
Global
	GlobalSection(SolutionConfigurationPlatforms) = preSolution
		Debug|Any CPU = Debug|Any CPU
		Release|Any CPU = Release|Any CPU
	EndGlobalSection
	GlobalSection(ProjectConfigurationPlatforms) = postSolution
		{EFF9C024-D9BA-4BA6-B404-AB4D4435D8D8}.Debug|Any CPU.ActiveCfg = Debug|Any CPU
		{EFF9C024-D9BA-4BA6-B404-AB4D4435D8D8}.Debug|Any CPU.Build.0 = Debug|Any CPU
		{EFF9C024-D9BA-4BA6-B404-AB4D4435D8D8}.Release|Any CPU.ActiveCfg = Release|Any CPU
		{EFF9C024-D9BA-4BA6-B404-AB4D4435D8D8}.Release|Any CPU.Build.0 = Release|Any CPU
	EndGlobalSection
	GlobalSection(SolutionProperties) = preSolution
		HideSolutionNode = FALSE
	EndGlobalSection
	GlobalSection(ExtensibilityGlobals) = postSolution
		SolutionGuid = {D946D790-ED04-4AA1-94AB-29CFB362E475}
	EndGlobalSection
EndGlobal
