
Microsoft Visual Studio Solution File, Format Version 12.00
# Visual Studio Version 17
VisualStudioVersion = 17.5.002.0
MinimumVisualStudioVersion = 10.0.40219.1
Project("{9A19103F-16F7-4668-BE54-9A1E7A4F7556}") = "Day04", "Day04.csproj", "{5076D22A-1318-4700-BF7B-E374BF2BBA91}"
EndProject
Global
	GlobalSection(SolutionConfigurationPlatforms) = preSolution
		Debug|Any CPU = Debug|Any CPU
		Release|Any CPU = Release|Any CPU
	EndGlobalSection
	GlobalSection(ProjectConfigurationPlatforms) = postSolution
		{5076D22A-1318-4700-BF7B-E374BF2BBA91}.Debug|Any CPU.ActiveCfg = Debug|Any CPU
		{5076D22A-1318-4700-BF7B-E374BF2BBA91}.Debug|Any CPU.Build.0 = Debug|Any CPU
		{5076D22A-1318-4700-BF7B-E374BF2BBA91}.Release|Any CPU.ActiveCfg = Release|Any CPU
		{5076D22A-1318-4700-BF7B-E374BF2BBA91}.Release|Any CPU.Build.0 = Release|Any CPU
	EndGlobalSection
	GlobalSection(SolutionProperties) = preSolution
		HideSolutionNode = FALSE
	EndGlobalSection
	GlobalSection(ExtensibilityGlobals) = postSolution
		SolutionGuid = {7B346A8B-0104-40EC-8DE2-66F943851DDC}
	EndGlobalSection
EndGlobal
