
Microsoft Visual Studio Solution File, Format Version 12.00
# Visual Studio Version 17
VisualStudioVersion = 17.5.002.0
MinimumVisualStudioVersion = 10.0.40219.1
Project("{9A19103F-16F7-4668-BE54-9A1E7A4F7556}") = "Day06", "Day06.csproj", "{61307E01-0039-487F-950D-D56C467CA015}"
EndProject
Global
	GlobalSection(SolutionConfigurationPlatforms) = preSolution
		Debug|Any CPU = Debug|Any CPU
		Release|Any CPU = Release|Any CPU
	EndGlobalSection
	GlobalSection(ProjectConfigurationPlatforms) = postSolution
		{61307E01-0039-487F-950D-D56C467CA015}.Debug|Any CPU.ActiveCfg = Debug|Any CPU
		{61307E01-0039-487F-950D-D56C467CA015}.Debug|Any CPU.Build.0 = Debug|Any CPU
		{61307E01-0039-487F-950D-D56C467CA015}.Release|Any CPU.ActiveCfg = Release|Any CPU
		{61307E01-0039-487F-950D-D56C467CA015}.Release|Any CPU.Build.0 = Release|Any CPU
	EndGlobalSection
	GlobalSection(SolutionProperties) = preSolution
		HideSolutionNode = FALSE
	EndGlobalSection
	GlobalSection(ExtensibilityGlobals) = postSolution
		SolutionGuid = {B30CD8A3-5AEB-407D-AB13-84C8BBAC4C85}
	EndGlobalSection
EndGlobal
