
Microsoft Visual Studio Solution File, Format Version 12.00
# Visual Studio Version 17
VisualStudioVersion = 17.5.002.0
MinimumVisualStudioVersion = 10.0.40219.1
Project("{9A19103F-16F7-4668-BE54-9A1E7A4F7556}") = "Day22", "Day22.csproj", "{048FC913-D1F3-4893-9A25-0FAE910DA41A}"
EndProject
Global
	GlobalSection(SolutionConfigurationPlatforms) = preSolution
		Debug|Any CPU = Debug|Any CPU
		Release|Any CPU = Release|Any CPU
	EndGlobalSection
	GlobalSection(ProjectConfigurationPlatforms) = postSolution
		{048FC913-D1F3-4893-9A25-0FAE910DA41A}.Debug|Any CPU.ActiveCfg = Debug|Any CPU
		{048FC913-D1F3-4893-9A25-0FAE910DA41A}.Debug|Any CPU.Build.0 = Debug|Any CPU
		{048FC913-D1F3-4893-9A25-0FAE910DA41A}.Release|Any CPU.ActiveCfg = Release|Any CPU
		{048FC913-D1F3-4893-9A25-0FAE910DA41A}.Release|Any CPU.Build.0 = Release|Any CPU
	EndGlobalSection
	GlobalSection(SolutionProperties) = preSolution
		HideSolutionNode = FALSE
	EndGlobalSection
	GlobalSection(ExtensibilityGlobals) = postSolution
		SolutionGuid = {942A5214-64A7-468F-82A3-192B06C5519A}
	EndGlobalSection
EndGlobal
