
Microsoft Visual Studio Solution File, Format Version 12.00
# Visual Studio Version 17
VisualStudioVersion = 17.5.002.0
MinimumVisualStudioVersion = 10.0.40219.1
Project("{9A19103F-16F7-4668-BE54-9A1E7A4F7556}") = "Day13", "Day13.csproj", "{FE86F825-E734-4C17-9307-DCA3FF1F2299}"
EndProject
Global
	GlobalSection(SolutionConfigurationPlatforms) = preSolution
		Debug|Any CPU = Debug|Any CPU
		Release|Any CPU = Release|Any CPU
	EndGlobalSection
	GlobalSection(ProjectConfigurationPlatforms) = postSolution
		{FE86F825-E734-4C17-9307-DCA3FF1F2299}.Debug|Any CPU.ActiveCfg = Debug|Any CPU
		{FE86F825-E734-4C17-9307-DCA3FF1F2299}.Debug|Any CPU.Build.0 = Debug|Any CPU
		{FE86F825-E734-4C17-9307-DCA3FF1F2299}.Release|Any CPU.ActiveCfg = Release|Any CPU
		{FE86F825-E734-4C17-9307-DCA3FF1F2299}.Release|Any CPU.Build.0 = Release|Any CPU
	EndGlobalSection
	GlobalSection(SolutionProperties) = preSolution
		HideSolutionNode = FALSE
	EndGlobalSection
	GlobalSection(ExtensibilityGlobals) = postSolution
		SolutionGuid = {EF4FAA79-DFD5-4249-A781-AFD4C6BFA884}
	EndGlobalSection
EndGlobal
