
Microsoft Visual Studio Solution File, Format Version 12.00
# Visual Studio Version 17
VisualStudioVersion = 17.5.002.0
MinimumVisualStudioVersion = 10.0.40219.1
Project("{9A19103F-16F7-4668-BE54-9A1E7A4F7556}") = "Day16", "Day16.csproj", "{D19B2CBD-FED5-4C15-A250-6B377AD4B313}"
EndProject
Global
	GlobalSection(SolutionConfigurationPlatforms) = preSolution
		Debug|Any CPU = Debug|Any CPU
		Release|Any CPU = Release|Any CPU
	EndGlobalSection
	GlobalSection(ProjectConfigurationPlatforms) = postSolution
		{D19B2CBD-FED5-4C15-A250-6B377AD4B313}.Debug|Any CPU.ActiveCfg = Debug|Any CPU
		{D19B2CBD-FED5-4C15-A250-6B377AD4B313}.Debug|Any CPU.Build.0 = Debug|Any CPU
		{D19B2CBD-FED5-4C15-A250-6B377AD4B313}.Release|Any CPU.ActiveCfg = Release|Any CPU
		{D19B2CBD-FED5-4C15-A250-6B377AD4B313}.Release|Any CPU.Build.0 = Release|Any CPU
	EndGlobalSection
	GlobalSection(SolutionProperties) = preSolution
		HideSolutionNode = FALSE
	EndGlobalSection
	GlobalSection(ExtensibilityGlobals) = postSolution
		SolutionGuid = {534A8067-968B-40ED-9FE8-3465A2B08668}
	EndGlobalSection
EndGlobal
