
Microsoft Visual Studio Solution File, Format Version 12.00
# Visual Studio Version 17
VisualStudioVersion = 17.5.002.0
MinimumVisualStudioVersion = 10.0.40219.1
Project("{9A19103F-16F7-4668-BE54-9A1E7A4F7556}") = "Day12", "Day12.csproj", "{E7338C0C-C940-4323-A6D5-C1FDC2BDE6BB}"
EndProject
Global
	GlobalSection(SolutionConfigurationPlatforms) = preSolution
		Debug|Any CPU = Debug|Any CPU
		Release|Any CPU = Release|Any CPU
	EndGlobalSection
	GlobalSection(ProjectConfigurationPlatforms) = postSolution
		{E7338C0C-C940-4323-A6D5-C1FDC2BDE6BB}.Debug|Any CPU.ActiveCfg = Debug|Any CPU
		{E7338C0C-C940-4323-A6D5-C1FDC2BDE6BB}.Debug|Any CPU.Build.0 = Debug|Any CPU
		{E7338C0C-C940-4323-A6D5-C1FDC2BDE6BB}.Release|Any CPU.ActiveCfg = Release|Any CPU
		{E7338C0C-C940-4323-A6D5-C1FDC2BDE6BB}.Release|Any CPU.Build.0 = Release|Any CPU
	EndGlobalSection
	GlobalSection(SolutionProperties) = preSolution
		HideSolutionNode = FALSE
	EndGlobalSection
	GlobalSection(ExtensibilityGlobals) = postSolution
		SolutionGuid = {962293E7-57A8-4701-B3E4-E59820CCCDED}
	EndGlobalSection
EndGlobal
