
Microsoft Visual Studio Solution File, Format Version 12.00
# Visual Studio Version 17
VisualStudioVersion = 17.5.002.0
MinimumVisualStudioVersion = 10.0.40219.1
Project("{9A19103F-16F7-4668-BE54-9A1E7A4F7556}") = "Day24", "Day24.csproj", "{8E1D8AC9-6B0B-4C89-B905-CD205A611B8A}"
EndProject
Global
	GlobalSection(SolutionConfigurationPlatforms) = preSolution
		Debug|Any CPU = Debug|Any CPU
		Release|Any CPU = Release|Any CPU
	EndGlobalSection
	GlobalSection(ProjectConfigurationPlatforms) = postSolution
		{8E1D8AC9-6B0B-4C89-B905-CD205A611B8A}.Debug|Any CPU.ActiveCfg = Debug|Any CPU
		{8E1D8AC9-6B0B-4C89-B905-CD205A611B8A}.Debug|Any CPU.Build.0 = Debug|Any CPU
		{8E1D8AC9-6B0B-4C89-B905-CD205A611B8A}.Release|Any CPU.ActiveCfg = Release|Any CPU
		{8E1D8AC9-6B0B-4C89-B905-CD205A611B8A}.Release|Any CPU.Build.0 = Release|Any CPU
	EndGlobalSection
	GlobalSection(SolutionProperties) = preSolution
		HideSolutionNode = FALSE
	EndGlobalSection
	GlobalSection(ExtensibilityGlobals) = postSolution
		SolutionGuid = {7E86630E-B624-4D04-BDD5-7DC8ED943CB2}
	EndGlobalSection
EndGlobal
